{
    "_readme": [
        "This file locks the dependencies of your project to a known state",
        "Read more about it at https://getcomposer.org/doc/01-basic-usage.md#installing-dependencies",
        "This file is @generated automatically"
    ],
    "content-hash": "0699e8d1791c1d4a77149cf8206e0419",
    "packages": [
        {
            "name": "spatie/schema-org",
            "version": "3.13.0",
            "source": {
                "type": "git",
                "url": "https://github.com/spatie/schema-org.git",
                "reference": "54399c090aa14f875f0551be6ed688a2d7ea151e"
            },
            "dist": {
                "type": "zip",
                "url": "https://api.github.com/repos/spatie/schema-org/zipball/54399c090aa14f875f0551be6ed688a2d7ea151e",
                "reference": "54399c090aa14f875f0551be6ed688a2d7ea151e",
                "shasum": ""
            },
            "require": {
                "ext-json": "*",
                "php": "^8.0"
            },
            "require-dev": {
                "friendsofphp/php-cs-fixer": "^3.6",
                "graham-campbell/analyzer": "^3.0.5",
                "illuminate/collections": "^8.62.0",
                "league/flysystem": "^2.3.0 || ^3.0",
                "pestphp/pest": "^1.21",
                "symfony/console": "^5.3.7 || 6.0",
                "twig/twig": "^3.3.3"
            },
            "type": "library",
            "autoload": {
                "psr-4": {
                    "Spatie\\SchemaOrg\\": "src"
                }
            },
            "notification-url": "https://packagist.org/downloads/",
            "license": [
                "MIT"
            ],
            "authors": [
                {
                    "name": "Sebastian De Deyne",
                    "email": "sebastian@spatie.be",
                    "homepage": "https://spatie.be",
                    "role": "Developer"
                },
                {
                    "name": "Tom Witkowski",
                    "email": "dev.gummibeer@gmail.com",
                    "homepage": "https://gummibeer.de",
                    "role": "Developer"
                }
            ],
            "description": "A fluent builder Schema.org types and ld+json generator",
            "homepage": "https://github.com/spatie/schema-org",
            "keywords": [
                "schema-org",
                "spatie"
            ],
            "support": {
                "issues": "https://github.com/spatie/schema-org/issues",
                "source": "https://github.com/spatie/schema-org/tree/3.13.0"
            },
            "funding": [
                {
                    "url": "https://spatie.be/open-source/support-us",
                    "type": "custom"
                },
                {
                    "url": "https://github.com/spatie",
                    "type": "github"
                }
            ],
            "time": "2022-11-14T16:02:16+00:00"
        }
    ],
    "packages-dev": [],
    "aliases": [],
    "minimum-stability": "dev",
    "stability-flags": [],
    "prefer-stable": false,
    "prefer-lowest": false,
    "platform": [],
    "platform-dev": [],
    "plugin-api-version": "2.3.0"
}
